
Microsoft Visual Studio Solution File, Format Version 12.00
# Visual Studio Version 16
VisualStudioVersion = 16.0.31702.278
MinimumVisualStudioVersion = 10.0.40219.1
Project("{FAE04EC0-301F-11D3-BF4B-00C04F79EFBC}") = "GenresClassificator", "GenresClassificator\GenresClassificator.csproj", "{4E847C1A-BAE0-421A-B008-70E2A65B07AC}"
EndProject
Global
	GlobalSection(SolutionConfigurationPlatforms) = preSolution
		Debug|Any CPU = Debug|Any CPU
		Release|Any CPU = Release|Any CPU
	EndGlobalSection
	GlobalSection(ProjectConfigurationPlatforms) = postSolution
		{4E847C1A-BAE0-421A-B008-70E2A65B07AC}.Debug|Any CPU.ActiveCfg = Debug|Any CPU
		{4E847C1A-BAE0-421A-B008-70E2A65B07AC}.Debug|Any CPU.Build.0 = Debug|Any CPU
		{4E847C1A-BAE0-421A-B008-70E2A65B07AC}.Release|Any CPU.ActiveCfg = Release|Any CPU
		{4E847C1A-BAE0-421A-B008-70E2A65B07AC}.Release|Any CPU.Build.0 = Release|Any CPU
	EndGlobalSection
	GlobalSection(SolutionProperties) = preSolution
		HideSolutionNode = FALSE
	EndGlobalSection
	GlobalSection(ExtensibilityGlobals) = postSolution
		SolutionGuid = {08DEB98D-8B15-4480-B18F-8779F2105123}
	EndGlobalSection
EndGlobal
